
Microsoft Visual Studio Solution File, Format Version 12.00
# Visual Studio Version 16
VisualStudioVersion = 16.0.30225.117
MinimumVisualStudioVersion = 10.0.40219.1
Project("{F184B08F-C81C-45F6-A57F-5ABD9991F28F}") = "pertemuan11", "pertemuan11.vbproj", "{F190D35F-0585-4C3C-8A7D-D46B36DA9520}"
EndProject
Global
	GlobalSection(SolutionConfigurationPlatforms) = preSolution
		Debug|Any CPU = Debug|Any CPU
		Release|Any CPU = Release|Any CPU
	EndGlobalSection
	GlobalSection(ProjectConfigurationPlatforms) = postSolution
		{F190D35F-0585-4C3C-8A7D-D46B36DA9520}.Debug|Any CPU.ActiveCfg = Debug|Any CPU
		{F190D35F-0585-4C3C-8A7D-D46B36DA9520}.Debug|Any CPU.Build.0 = Debug|Any CPU
		{F190D35F-0585-4C3C-8A7D-D46B36DA9520}.Release|Any CPU.ActiveCfg = Release|Any CPU
		{F190D35F-0585-4C3C-8A7D-D46B36DA9520}.Release|Any CPU.Build.0 = Release|Any CPU
	EndGlobalSection
	GlobalSection(SolutionProperties) = preSolution
		HideSolutionNode = FALSE
	EndGlobalSection
	GlobalSection(ExtensibilityGlobals) = postSolution
		SolutionGuid = {06122F58-5A54-4B9B-9A0B-30F749719DF5}
	EndGlobalSection
EndGlobal
